// !$*UTF8*$!
{
	archiveVersion = 1;
	classes = {
	};
	objectVersion = 50;
	objects = {

/* Begin PBXBuildFile section */
		51F3D7A42487C3E400558843 /* AppDelegate.swift in Sources */ = {isa = PBXBuildFile; fileRef = 51F3D7A32487C3E400558843 /* AppDelegate.swift */; };
		51F3D7A62487C3E400558843 /* SceneDelegate.swift in Sources */ = {isa = PBXBuildFile; fileRef = 51F3D7A52487C3E400558843 /* SceneDelegate.swift */; };
		51F3D7A82487C3E400558843 /* ContentView.swift in Sources */ = {isa = PBXBuildFile; fileRef = 51F3D7A72487C3E400558843 /* ContentView.swift */; };
		51F3D7AA2487C3E800558843 /* Assets.xcassets in Resources */ = {isa = PBXBuildFile; fileRef = 51F3D7A92487C3E800558843 /* Assets.xcassets */; };
		51F3D7AD2487C3E800558843 /* Preview Assets.xcassets in Resources */ = {isa = PBXBuildFile; fileRef = 51F3D7AC2487C3E800558843 /* Preview Assets.xcassets */; };
		51F3D7B02487C3E800558843 /* LaunchScreen.storyboard in Resources */ = {isa = PBXBuildFile; fileRef = 51F3D7AE2487C3E800558843 /* LaunchScreen.storyboard */; };
/* End PBXBuildFile section */

/* Begin PBXFileReference section */
		51F3D7A02487C3E400558843 /* notifications-combine.app */ = {isa = PBXFileReference; explicitFileType = wrapper.application; includeInIndex = 0; path = "notifications-combine.app"; sourceTree = BUILT_PRODUCTS_DIR; };
		51F3D7A32487C3E400558843 /* AppDelegate.swift */ = {isa = PBXFileReference; lastKnownFileType = sourcecode.swift; path = AppDelegate.swift; sourceTree = "<group>"; };
		51F3D7A52487C3E400558843 /* SceneDelegate.swift */ = {isa = PBXFileReference; lastKnownFileType = sourcecode.swift; path = SceneDelegate.swift; sourceTree = "<group>"; };
		51F3D7A72487C3E400558843 /* ContentView.swift */ = {isa = PBXFileReference; lastKnownFileType = sourcecode.swift; path = ContentView.swift; sourceTree = "<group>"; };
		51F3D7A92487C3E800558843 /* Assets.xcassets */ = {isa = PBXFileReference; lastKnownFileType = folder.assetcatalog; path = Assets.xcassets; sourceTree = "<group>"; };
		51F3D7AC2487C3E800558843 /* Preview Assets.xcassets */ = {isa = PBXFileReference; lastKnownFileType = folder.assetcatalog; path = "Preview Assets.xcassets"; sourceTree = "<group>"; };
		51F3D7AF2487C3E800558843 /* Base */ = {isa = PBXFileReference; lastKnownFileType = file.storyboard; name = Base; path = Base.lproj/LaunchScreen.storyboard; sourceTree = "<group>"; };
		51F3D7B12487C3E800558843 /* Info.plist */ = {isa = PBXFileReference; lastKnownFileType = text.plist.xml; path = Info.plist; sourceTree = "<group>"; };
/* End PBXFileReference section */

/* Begin PBXFrameworksBuildPhase section */
		51F3D79D2487C3E400558843 /* Frameworks */ = {
			isa = PBXFrameworksBuildPhase;
			buildActionMask = 2147483647;
			files = (
			);
			runOnlyForDeploymentPostprocessing = 0;
		};
/* End PBXFrameworksBuildPhase section */

/* Begin PBXGroup section */
		51F3D7972487C3E400558843 = {
			isa = PBXGroup;
			children = (
				51F3D7A22487C3E400558843 /* notifications-combine */,
				51F3D7A12487C3E400558843 /* Products */,
			);
			sourceTree = "<group>";
		};
		51F3D7A12487C3E400558843 /* Products */ = {
			isa = PBXGroup;
			children = (
				51F3D7A02487C3E400558843 /* notifications-combine.app */,
			);
			name = Products;
			sourceTree = "<group>";
		};
		51F3D7A22487C3E400558843 /* notifications-combine */ = {
			isa = PBXGroup;
			children = (
				51F3D7A32487C3E400558843 /* AppDelegate.swift */,
				51F3D7A52487C3E400558843 /* SceneDelegate.swift */,
				51F3D7A72487C3E400558843 /* ContentView.swift */,
				51F3D7A92487C3E800558843 /* Assets.xcassets */,
				51F3D7AE2487C3E800558843 /* LaunchScreen.storyboard */,
				51F3D7B12487C3E800558843 /* Info.plist */,
				51F3D7AB2487C3E800558843 /* Preview Content */,
			);
			path = "notifications-combine";
			sourceTree = "<group>";
		};
		51F3D7AB2487C3E800558843 /* Preview Content */ = {
			isa = PBXGroup;
			children = (
				51F3D7AC2487C3E800558843 /* Preview Assets.xcassets */,
			);
			path = "Preview Content";
			sourceTree = "<group>";
		};
/* End PBXGroup section */

/* Begin PBXNativeTarget section */
		51F3D79F2487C3E400558843 /* notifications-combine */ = {
			isa = PBXNativeTarget;
			buildConfigurationList = 51F3D7B42487C3E800558843 /* Build configuration list for PBXNativeTarget "notifications-combine" */;
			buildPhases = (
				51F3D79C2487C3E400558843 /* Sources */,
				51F3D79D2487C3E400558843 /* Frameworks */,
				51F3D79E2487C3E400558843 /* Resources */,
			);
			buildRules = (
			);
			dependencies = (
			);
			name = "notifications-combine";
			productName = "notifications-combine";
			productReference = 51F3D7A02487C3E400558843 /* notifications-combine.app */;
			productType = "com.apple.product-type.application";
		};
/* End PBXNativeTarget section */

/* Begin PBXProject section */
		51F3D7982487C3E400558843 /* Project object */ = {
			isa = PBXProject;
			attributes = {
				LastSwiftUpdateCheck = 1150;
				LastUpgradeCheck = 1150;
				ORGANIZATIONNAME = "Joacim Nidén";
				TargetAttributes = {
					51F3D79F2487C3E400558843 = {
						CreatedOnToolsVersion = 11.5;
					};
				};
			};
			buildConfigurationList = 51F3D79B2487C3E400558843 /* Build configuration list for PBXProject "notifications-combine" */;
			compatibilityVersion = "Xcode 9.3";
			developmentRegion = en;
			hasScannedForEncodings = 0;
			knownRegions = (
				en,
				Base,
			);
			mainGroup = 51F3D7972487C3E400558843;
			productRefGroup = 51F3D7A12487C3E400558843 /* Products */;
			projectDirPath = "";
			projectRoot = "";
			targets = (
				51F3D79F2487C3E400558843 /* notifications-combine */,
			);
		};
/* End PBXProject section */

/* Begin PBXResourcesBuildPhase section */
		51F3D79E2487C3E400558843 /* Resources */ = {
			isa = PBXResourcesBuildPhase;
			buildActionMask = 2147483647;
			files = (
				51F3D7B02487C3E800558843 /* LaunchScreen.storyboard in Resources */,
				51F3D7AD2487C3E800558843 /* Preview Assets.xcassets in Resources */,
				51F3D7AA2487C3E800558843 /* Assets.xcassets in Resources */,
			);
			runOnlyForDeploymentPostprocessing = 0;
		};
/* End PBXResourcesBuildPhase section */

/* Begin PBXSourcesBuildPhase section */
		51F3D79C2487C3E400558843 /* Sources */ = {
			isa = PBXSourcesBuildPhase;
			buildActionMask = 2147483647;
			files = (
				51F3D7A42487C3E400558843 /* AppDelegate.swift in Sources */,
				51F3D7A62487C3E400558843 /* SceneDelegate.swift in Sources */,
				51F3D7A82487C3E400558843 /* ContentView.swift in Sources */,
			);
			runOnlyForDeploymentPostprocessing = 0;
		};
/* End PBXSourcesBuildPhase section */

/* Begin PBXVariantGroup section */
		51F3D7AE2487C3E800558843 /* LaunchScreen.storyboard */ = {
			isa = PBXVariantGroup;
			children = (
				51F3D7AF2487C3E800558843 /* Base */,
			);
			name = LaunchScreen.storyboard;
			sourceTree = "<group>";
		};
/* End PBXVariantGroup section */

/* Begin XCBuildConfiguration section */
		51F3D7B22487C3E800558843 /* Debug */ = {
			isa = XCBuildConfiguration;
			buildSettings = {
				ALWAYS_SEARCH_USER_PATHS = NO;
				CLANG_ANALYZER_NONNULL = YES;
				CLANG_ANALYZER_NUMBER_OBJECT_CONVERSION = YES_AGGRESSIVE;
				CLANG_CXX_LANGUAGE_STANDARD = "gnu++14";
				CLANG_CXX_LIBRARY = "libc++";
				CLANG_ENABLE_MODULES = YES;
				CLANG_ENABLE_OBJC_ARC = YES;
				CLANG_ENABLE_OBJC_WEAK = YES;
				CLANG_WARN_BLOCK_CAPTURE_AUTORELEASING = YES;
				CLANG_WARN_BOOL_CONVERSION = YES;
				CLANG_WARN_COMMA = YES;
				CLANG_WARN_CONSTANT_CONVERSION = YES;
				CLANG_WARN_DEPRECATED_OBJC_IMPLEMENTATIONS = YES;
				CLANG_WARN_DIRECT_OBJC_ISA_USAGE = YES_ERROR;
				CLANG_WARN_DOCUMENTATION_COMMENTS = YES;
				CLANG_WARN_EMPTY_BODY = YES;
				CLANG_WARN_ENUM_CONVERSION = YES;
				CLANG_WARN_INFINITE_RECURSION = YES;
				CLANG_WARN_INT_CONVERSION = YES;
				CLANG_WARN_NON_LITERAL_NULL_CONVERSION = YES;
				CLANG_WARN_OBJC_IMPLICIT_RETAIN_SELF = YES;
				CLANG_WARN_OBJC_LITERAL_CONVERSION = YES;
				CLANG_WARN_OBJC_ROOT_CLASS = YES_ERROR;
				CLANG_WARN_RANGE_LOOP_ANALYSIS = YES;
				CLANG_WARN_STRICT_PROTOTYPES = YES;
				CLANG_WARN_SUSPICIOUS_MOVE = YES;
				CLANG_WARN_UNGUARDED_AVAILABILITY = YES_AGGRESSIVE;
				CLANG_WARN_UNREACHABLE_CODE = YES;
				CLANG_WARN__DUPLICATE_METHOD_MATCH = YES;
				COPY_PHASE_STRIP = NO;
				DEBUG_INFORMATION_FORMAT = dwarf;
				ENABLE_STRICT_OBJC_MSGSEND = YES;
				ENABLE_TESTABILITY = YES;
				GCC_C_LANGUAGE_STANDARD = gnu11;
				GCC_DYNAMIC_NO_PIC = NO;
				GCC_NO_COMMON_BLOCKS = YES;
				GCC_OPTIMIZATION_LEVEL = 0;
				GCC_PREPROCESSOR_DEFINITIONS = (
					"DEBUG=1",
					"$(inherited)",
				);
				GCC_WARN_64_TO_32_BIT_CONVERSION = YES;
				GCC_WARN_ABOUT_RETURN_TYPE = YES_ERROR;
				GCC_WARN_UNDECLARED_SELECTOR = YES;
				GCC_WARN_UNINITIALIZED_AUTOS = YES_AGGRESSIVE;
				GCC_WARN_UNUSED_FUNCTION = YES;
				GCC_WARN_UNUSED_VARIABLE = YES;
				IPHONEOS_DEPLOYMENT_TARGET = 13.5;
				MTL_ENABLE_DEBUG_INFO = INCLUDE_SOURCE;
				MTL_FAST_MATH = YES;
				ONLY_ACTIVE_ARCH = YES;
				SDKROOT = iphoneos;
				SWIFT_ACTIVE_COMPILATION_CONDITIONS = DEBUG;
				SWIFT_OPTIMIZATION_LEVEL = "-Onone";
			};
			name = Debug;
		};
		51F3D7B32487C3E800558843 /* Release */ = {
			isa = XCBuildConfiguration;
			buildSettings = {
				ALWAYS_SEARCH_USER_PATHS = NO;
				CLANG_ANALYZER_NONNULL = YES;
				CLANG_ANALYZER_NUMBER_OBJECT_CONVERSION = YES_AGGRESSIVE;
				CLANG_CXX_LANGUAGE_STANDARD = "gnu++14";
				CLANG_CXX_LIBRARY = "libc++";
				CLANG_ENABLE_MODULES = YES;
				CLANG_ENABLE_OBJC_ARC = YES;
				CLANG_ENABLE_OBJC_WEAK = YES;
				CLANG_WARN_BLOCK_CAPTURE_AUTORELEASING = YES;
				CLANG_WARN_BOOL_CONVERSION = YES;
				CLANG_WARN_COMMA = YES;
				CLANG_WARN_CONSTANT_CONVERSION = YES;
				CLANG_WARN_DEPRECATED_OBJC_IMPLEMENTATIONS = YES;
				CLANG_WARN_DIRECT_OBJC_ISA_USAGE = YES_ERROR;
				CLANG_WARN_DOCUMENTATION_COMMENTS = YES;
				CLANG_WARN_EMPTY_BODY = YES;
				CLANG_WARN_ENUM_CONVERSION = YES;
				CLANG_WARN_INFINITE_RECURSION = YES;
				CLANG_WARN_INT_CONVERSION = YES;
				CLANG_WARN_NON_LITERAL_NULL_CONVERSION = YES;
				CLANG_WARN_OBJC_IMPLICIT_RETAIN_SELF = YES;
				CLANG_WARN_OBJC_LITERAL_CONVERSION = YES;
				CLANG_WARN_OBJC_ROOT_CLASS = YES_ERROR;
				CLANG_WARN_RANGE_LOOP_ANALYSIS = YES;
				CLANG_WARN_STRICT_PROTOTYPES = YES;
				CLANG_WARN_SUSPICIOUS_MOVE = YES;
				CLANG_WARN_UNGUARDED_AVAILABILITY = YES_AGGRESSIVE;
				CLANG_WARN_UNREACHABLE_CODE = YES;
				CLANG_WARN__DUPLICATE_METHOD_MATCH = YES;
				COPY_PHASE_STRIP = NO;
				DEBUG_INFORMATION_FORMAT = "dwarf-with-dsym";
				ENABLE_NS_ASSERTIONS = NO;
				ENABLE_STRICT_OBJC_MSGSEND = YES;
				GCC_C_LANGUAGE_STANDARD = gnu11;
				GCC_NO_COMMON_BLOCKS = YES;
				GCC_WARN_64_TO_32_BIT_CONVERSION = YES;
				GCC_WARN_ABOUT_RETURN_TYPE = YES_ERROR;
				GCC_WARN_UNDECLARED_SELECTOR = YES;
				GCC_WARN_UNINITIALIZED_AUTOS = YES_AGGRESSIVE;
				GCC_WARN_UNUSED_FUNCTION = YES;
				GCC_WARN_UNUSED_VARIABLE = YES;
				IPHONEOS_DEPLOYMENT_TARGET = 13.5;
				MTL_ENABLE_DEBUG_INFO = NO;
				MTL_FAST_MATH = YES;
				SDKROOT = iphoneos;
				SWIFT_COMPILATION_MODE = wholemodule;
				SWIFT_OPTIMIZATION_LEVEL = "-O";
				VALIDATE_PRODUCT = YES;
			};
			name = Release;
		};
		51F3D7B52487C3E800558843 /* Debug */ = {
			isa = XCBuildConfiguration;
			buildSettings = {
				ASSETCATALOG_COMPILER_APPICON_NAME = AppIcon;
				CODE_SIGN_STYLE = Automatic;
				DEVELOPMENT_ASSET_PATHS = "\"notifications-combine/Preview Content\"";
				DEVELOPMENT_TEAM = 5958574TWN;
				ENABLE_PREVIEWS = YES;
				INFOPLIST_FILE = "notifications-combine/Info.plist";
				LD_RUNPATH_SEARCH_PATHS = (
					"$(inherited)",
					"@executable_path/Frameworks",
				);
				PRODUCT_BUNDLE_IDENTIFIER = "joacim.notifications-combine";
				PRODUCT_NAME = "$(TARGET_NAME)";
				SWIFT_VERSION = 5.0;
				TARGETED_DEVICE_FAMILY = "1,2";
			};
			name = Debug;
		};
		51F3D7B62487C3E800558843 /* Release */ = {
			isa = XCBuildConfiguration;
			buildSettings = {
				ASSETCATALOG_COMPILER_APPICON_NAME = AppIcon;
				CODE_SIGN_STYLE = Automatic;
				DEVELOPMENT_ASSET_PATHS = "\"notifications-combine/Preview Content\"";
				DEVELOPMENT_TEAM = 5958574TWN;
				ENABLE_PREVIEWS = YES;
				INFOPLIST_FILE = "notifications-combine/Info.plist";
				LD_RUNPATH_SEARCH_PATHS = (
					"$(inherited)",
					"@executable_path/Frameworks",
				);
				PRODUCT_BUNDLE_IDENTIFIER = "joacim.notifications-combine";
				PRODUCT_NAME = "$(TARGET_NAME)";
				SWIFT_VERSION = 5.0;
				TARGETED_DEVICE_FAMILY = "1,2";
			};
			name = Release;
		};
/* End XCBuildConfiguration section */

/* Begin XCConfigurationList section */
		51F3D79B2487C3E400558843 /* Build configuration list for PBXProject "notifications-combine" */ = {
			isa = XCConfigurationList;
			buildConfigurations = (
				51F3D7B22487C3E800558843 /* Debug */,
				51F3D7B32487C3E800558843 /* Release */,
			);
			defaultConfigurationIsVisible = 0;
			defaultConfigurationName = Release;
		};
		51F3D7B42487C3E800558843 /* Build configuration list for PBXNativeTarget "notifications-combine" */ = {
			isa = XCConfigurationList;
			buildConfigurations = (
				51F3D7B52487C3E800558843 /* Debug */,
				51F3D7B62487C3E800558843 /* Release */,
			);
			defaultConfigurationIsVisible = 0;
			defaultConfigurationName = Release;
		};
/* End XCConfigurationList section */
	};
	rootObject = 51F3D7982487C3E400558843 /* Project object */;
}
